PODS:
  - APParallaxHeader (0.1.3)
  - BEMSimpleLineGraph (1.3)
  - Colours (4.2)
  - CRToast (0.0.5)
  - FontAwesomeKit (2.1.4):
    - FontAwesomeKit/Core
    - FontAwesomeKit/FontAwesome
    - FontAwesomeKit/FoundationIcons
    - FontAwesomeKit/IonIcons
    - FontAwesomeKit/Zocial
  - FontAwesomeKit/Core (2.1.4)
  - FontAwesomeKit/FontAwesome (2.1.4):
    - FontAwesomeKit/Core
  - FontAwesomeKit/FoundationIcons (2.1.4):
    - FontAwesomeKit/Core
  - FontAwesomeKit/IonIcons (2.1.4):
    - FontAwesomeKit/Core
  - FontAwesomeKit/Zocial (2.1.4):
    - FontAwesomeKit/Core
  - FPBrandColors (0.1.3)
  - PNChart (0.2.2)

DEPENDENCIES:
  - APParallaxHeader
  - BEMSimpleLineGraph
  - Colours
  - CRToast (~> 0.0.5)
  - FontAwesomeKit (~> 2.1.0)
  - FPBrandColors (~> 0.1.3)
  - PNChart (from `https://github.com/forsythetony/PNChart.git`)

EXTERNAL SOURCES:
  PNChart:
    :git: https://github.com/forsythetony/PNChart.git

SPEC CHECKSUMS:
  APParallaxHeader: 860acb07f0339095b72d67a3947b5747d597dd16
  BEMSimpleLineGraph: 3aa69ed472037ffc3ab68aff02261b6b101e606a
  Colours: f36a89a9a77d14eac5e739786b0fbd41a5af1728
  CRToast: 5be332fb9f4bcfd3023b6f10324ed9738c35cb96
  FontAwesomeKit: 082a427b37f26cd535b7f295cb686f8ab0da707e
  FPBrandColors: e0df3950b283d1a6d6c42d6b97f04a031ccf9e12
  PNChart: 55161d5bf01a4a8e5593e5c45b34af70eae7ed83

COCOAPODS: 0.29.0
